
Microsoft Visual Studio Solution File, Format Version 12.00
# Visual Studio Version 17
VisualStudioVersion = 17.3.32819.101
MinimumVisualStudioVersion = 10.0.40219.1
Project("{2150E333-8FDC-42A3-9474-1A3956D46DE8}") = "0 - Documents", "0 - Documents", "{820B6373-8C56-4397-BC3D-A86571C43FBB}"
EndProject
Project("{2150E333-8FDC-42A3-9474-1A3956D46DE8}") = "1 - Frontend", "1 - Frontend", "{3E13C8E0-4483-4A8D-8C5B-AD37766915D7}"
EndProject
Project("{2150E333-8FDC-42A3-9474-1A3956D46DE8}") = "2 - Backend", "2 - Backend", "{F917A9D1-1688-467A-A929-E19ED6D261D6}"
EndProject
Project("{2150E333-8FDC-42A3-9474-1A3956D46DE8}") = "1.0 - Presentations", "1.0 - Presentations", "{6B905D25-A8C1-4BA1-B17D-C3B9A666A153}"
EndProject
Project("{2150E333-8FDC-42A3-9474-1A3956D46DE8}") = "2.0 - Services", "2.0 - Services", "{3C95A189-4643-4F1A-8C24-4F09A2847D2D}"
EndProject
Project("{2150E333-8FDC-42A3-9474-1A3956D46DE8}") = "2.1 - Applications", "2.1 - Applications", "{CA14872A-9CD2-4EA8-A005-A11F9CCC0A84}"
EndProject
Project("{2150E333-8FDC-42A3-9474-1A3956D46DE8}") = "2.2 - Domains", "2.2 - Domains", "{9EE63D34-FCA6-4C94-B4FF-01A58D1FBC10}"
EndProject
Project("{2150E333-8FDC-42A3-9474-1A3956D46DE8}") = "2.3 - Infrastructures", "2.3 - Infrastructures", "{DA75857D-E668-4C00-B2E9-B7B7EDFBE336}"
EndProject
Project("{2150E333-8FDC-42A3-9474-1A3956D46DE8}") = "2.3.0 - Infra.Datas", "2.3.0 - Infra.Datas", "{A9DEFBC7-C4BC-48E5-812C-7C9221CC8A64}"
EndProject
Project("{2150E333-8FDC-42A3-9474-1A3956D46DE8}") = "2;3.1 - Infra.CrossCuttings", "2;3.1 - Infra.CrossCuttings", "{AECD76CE-E7B8-4500-87FC-1F803CE78238}"
EndProject
Global
	GlobalSection(SolutionProperties) = preSolution
		HideSolutionNode = FALSE
	EndGlobalSection
	GlobalSection(NestedProjects) = preSolution
		{6B905D25-A8C1-4BA1-B17D-C3B9A666A153} = {3E13C8E0-4483-4A8D-8C5B-AD37766915D7}
		{3C95A189-4643-4F1A-8C24-4F09A2847D2D} = {F917A9D1-1688-467A-A929-E19ED6D261D6}
		{CA14872A-9CD2-4EA8-A005-A11F9CCC0A84} = {F917A9D1-1688-467A-A929-E19ED6D261D6}
		{9EE63D34-FCA6-4C94-B4FF-01A58D1FBC10} = {F917A9D1-1688-467A-A929-E19ED6D261D6}
		{DA75857D-E668-4C00-B2E9-B7B7EDFBE336} = {F917A9D1-1688-467A-A929-E19ED6D261D6}
		{A9DEFBC7-C4BC-48E5-812C-7C9221CC8A64} = {DA75857D-E668-4C00-B2E9-B7B7EDFBE336}
		{AECD76CE-E7B8-4500-87FC-1F803CE78238} = {DA75857D-E668-4C00-B2E9-B7B7EDFBE336}
	EndGlobalSection
	GlobalSection(ExtensibilityGlobals) = postSolution
		SolutionGuid = {E966312A-1665-461E-A709-C7953A442AAF}
	EndGlobalSection
EndGlobal
